
Microsoft Visual Studio Solution File, Format Version 12.00
# Visual Studio Version 17
VisualStudioVersion = 17.14.36616.10 d17.14
MinimumVisualStudioVersion = 10.0.40219.1
Project("{FAE04EC0-301F-11D3-BF4B-00C04F79EFBC}") = "SyncJob", "SyncJob.csproj", "{3B7BF6B8-E692-4F6B-9F57-E1350F1AB815}"
EndProject
Global
	GlobalSection(SolutionConfigurationPlatforms) = preSolution
		Debug|Any CPU = Debug|Any CPU
		Release|Any CPU = Release|Any CPU
	EndGlobalSection
	GlobalSection(ProjectConfigurationPlatforms) = postSolution
		{3B7BF6B8-E692-4F6B-9F57-E1350F1AB815}.Debug|Any CPU.ActiveCfg = Debug|Any CPU
		{3B7BF6B8-E692-4F6B-9F57-E1350F1AB815}.Debug|Any CPU.Build.0 = Debug|Any CPU
		{3B7BF6B8-E692-4F6B-9F57-E1350F1AB815}.Release|Any CPU.ActiveCfg = Release|Any CPU
		{3B7BF6B8-E692-4F6B-9F57-E1350F1AB815}.Release|Any CPU.Build.0 = Release|Any CPU
	EndGlobalSection
	GlobalSection(SolutionProperties) = preSolution
		HideSolutionNode = FALSE
	EndGlobalSection
	GlobalSection(ExtensibilityGlobals) = postSolution
		SolutionGuid = {E9A84A3D-0671-4A0B-81C2-6654691C5A52}
	EndGlobalSection
EndGlobal
